
Microsoft Visual Studio Solution File, Format Version 12.00
# Visual Studio 15
VisualStudioVersion = 15.0.27130.2003
MinimumVisualStudioVersion = 10.0.40219.1
Project("{FAE04EC0-301F-11D3-BF4B-00C04F79EFBC}") = "GameEngine", "GameEngine\GameEngine.csproj", "{A61E70E3-46BD-4954-9E26-A192F861C44D}"
EndProject
Project("{FAE04EC0-301F-11D3-BF4B-00C04F79EFBC}") = "UnitTestGameEngine", "..\UnitTestGameEngine\UnitTestGameEngine.csproj", "{BECF768A-51E1-4527-8F9D-2D42CE4F8967}"
EndProject
Global
	GlobalSection(SolutionConfigurationPlatforms) = preSolution
		Debug|Any CPU = Debug|Any CPU
		Release|Any CPU = Release|Any CPU
	EndGlobalSection
	GlobalSection(ProjectConfigurationPlatforms) = postSolution
		{A61E70E3-46BD-4954-9E26-A192F861C44D}.Debug|Any CPU.ActiveCfg = Debug|Any CPU
		{A61E70E3-46BD-4954-9E26-A192F861C44D}.Debug|Any CPU.Build.0 = Debug|Any CPU
		{A61E70E3-46BD-4954-9E26-A192F861C44D}.Release|Any CPU.ActiveCfg = Release|Any CPU
		{A61E70E3-46BD-4954-9E26-A192F861C44D}.Release|Any CPU.Build.0 = Release|Any CPU
		{BECF768A-51E1-4527-8F9D-2D42CE4F8967}.Debug|Any CPU.ActiveCfg = Debug|Any CPU
		{BECF768A-51E1-4527-8F9D-2D42CE4F8967}.Debug|Any CPU.Build.0 = Debug|Any CPU
		{BECF768A-51E1-4527-8F9D-2D42CE4F8967}.Release|Any CPU.ActiveCfg = Release|Any CPU
		{BECF768A-51E1-4527-8F9D-2D42CE4F8967}.Release|Any CPU.Build.0 = Release|Any CPU
	EndGlobalSection
	GlobalSection(SolutionProperties) = preSolution
		HideSolutionNode = FALSE
	EndGlobalSection
	GlobalSection(ExtensibilityGlobals) = postSolution
		SolutionGuid = {8AA400AF-1CFE-4EED-BB9E-0759C9573190}
	EndGlobalSection
EndGlobal
